<?xml version="1.0" encoding="utf-8"?>
<Project ToolsVersion="4.0" xmlns="http://schemas.microsoft.com/developer/msbuild/2003">
  <ItemGroup>
    <Filter Include="Header Files">
      <UniqueIdentifier>{93995380-89bd-4b04-88eb-625fbe52ebfb}</UniqueIdentifier>
      <Extensions>h;hh;hpp;hxx</Extensions>
    </Filter>
    <Filter Include="Source Files">
      <UniqueIdentifier>{4fc737f1-c7a5-4376-a066-2a32d752a2ff}</UniqueIdentifier>
      <Extensions>cpp;c;cc;cxx</Extensions>
    </Filter>
  </ItemGroup>
  <ItemGroup>
    <ClInclude Include="jl_core.h">
      <Filter>Header Files</Filter>
    </ClInclude>
    <ClInclude Include="jl_internal.h">
      <Filter>Header Files</Filter>
    </ClInclude>
  </ItemGroup>
  <ItemGroup>
    <ClCompile Include="jl_calibrate.cpp">
      <Filter>Source Files</Filter>
    </ClCompile>
    <ClCompile Include="jl_device.cpp">
      <Filter>Source Files</Filter>
    </ClCompile>
    <ClCompile Include="jl_ffmpeg.cpp">
      <Filter>Source Files</Filter>
    </ClCompile>
    <ClCompile Include="jl_log.cpp">
      <Filter>Source Files</Filter>
    </ClCompile>
    <ClCompile Include="jl_pack.cpp">
      <Filter>Source Files</Filter>
    </ClCompile>
    <ClCompile Include="jl_player.cpp">
      <Filter>Source Files</Filter>
    </ClCompile>
    <ClCompile Include="jl_util.cpp">
      <Filter>Source Files</Filter>
    </ClCompile>
  </ItemGroup>
</Project>
